// !$*UTF8*$!
{
	archiveVersion = 1;
	classes = {
	};
	objectVersion = 50;
	objects = {

/* Begin PBXBuildFile section */
		337C6F17249D1E2800B87CEA /* Interface.storyboard in Resources */ = {isa = PBXBuildFile; fileRef = 337C6F15249D1E2800B87CEA /* Interface.storyboard */; };
		337C6F19249D1E2900B87CEA /* Assets.xcassets in Resources */ = {isa = PBXBuildFile; fileRef = 337C6F18249D1E2900B87CEA /* Assets.xcassets */; };
		337C6F20249D1E2900B87CEA /* WatchApp Extension.appex in Embed App Extensions */ = {isa = PBXBuildFile; fileRef = 337C6F1F249D1E2900B87CEA /* WatchApp Extension.appex */; settings = {ATTRIBUTES = (RemoveHeadersOnCopy, ); }; };
		337C6F25249D1E2900B87CEA /* ContentView.swift in Sources */ = {isa = PBXBuildFile; fileRef = 337C6F24249D1E2900B87CEA /* ContentView.swift */; };
		337C6F27249D1E2900B87CEA /* HostingController.swift in Sources */ = {isa = PBXBuildFile; fileRef = 337C6F26249D1E2900B87CEA /* HostingController.swift */; };
		337C6F2B249D1E2900B87CEA /* NotificationController.swift in Sources */ = {isa = PBXBuildFile; fileRef = 337C6F2A249D1E2900B87CEA /* NotificationController.swift */; };
		337C6F2D249D1E2900B87CEA /* NotificationView.swift in Sources */ = {isa = PBXBuildFile; fileRef = 337C6F2C249D1E2900B87CEA /* NotificationView.swift */; };
		337C6F2F249D1E2900B87CEA /* ComplicationController.swift in Sources */ = {isa = PBXBuildFile; fileRef = 337C6F2E249D1E2900B87CEA /* ComplicationController.swift */; };
		337C6F31249D1E2A00B87CEA /* Assets.xcassets in Resources */ = {isa = PBXBuildFile; fileRef = 337C6F30249D1E2A00B87CEA /* Assets.xcassets */; };
		337C6F34249D1E2A00B87CEA /* Preview Assets.xcassets in Resources */ = {isa = PBXBuildFile; fileRef = 337C6F33249D1E2A00B87CEA /* Preview Assets.xcassets */; };
		337C6F39249D1E2A00B87CEA /* WatchApp.app in Embed Watch Content */ = {isa = PBXBuildFile; fileRef = 337C6F13249D1E2700B87CEA /* WatchApp.app */; settings = {ATTRIBUTES = (RemoveHeadersOnCopy, ); }; };
		337C6F42249D1FF300B87CEA /* RoundedCorners.swift in Sources */ = {isa = PBXBuildFile; fileRef = 338FEF8F2476968000DF079F /* RoundedCorners.swift */; };
		337C6F43249D200A00B87CEA /* FDCClient.swift in Sources */ = {isa = PBXBuildFile; fileRef = 338C4754247EAA5F0040D7D2 /* FDCClient.swift */; };
		337C6F44249D200A00B87CEA /* FDCSearchFoodResponce.swift in Sources */ = {isa = PBXBuildFile; fileRef = 338C4752247EA9A00040D7D2 /* FDCSearchFoodResponce.swift */; };
		337C6F45249D200A00B87CEA /* FDCFoodDetail.swift in Sources */ = {isa = PBXBuildFile; fileRef = 338C4759247EBD210040D7D2 /* FDCFoodDetail.swift */; };
		337C6F46249D200A00B87CEA /* FDCSelectedFood.swift in Sources */ = {isa = PBXBuildFile; fileRef = 33874EBC247FA77F0039A237 /* FDCSelectedFood.swift */; };
		337C6F47249D200A00B87CEA /* FDCDayMeals.swift in Sources */ = {isa = PBXBuildFile; fileRef = 33874EBE247FA9230039A237 /* FDCDayMeals.swift */; };
		337C6F48249D25D100B87CEA /* RingView.swift in Sources */ = {isa = PBXBuildFile; fileRef = 338FEF912476969600DF079F /* RingView.swift */; };
		337C6F49249D263300B87CEA /* Font.swift in Sources */ = {isa = PBXBuildFile; fileRef = 338FEFA42476973D00DF079F /* Font.swift */; };
		33874EBD247FA77F0039A237 /* FDCSelectedFood.swift in Sources */ = {isa = PBXBuildFile; fileRef = 33874EBC247FA77F0039A237 /* FDCSelectedFood.swift */; };
		33874EBF247FA9230039A237 /* FDCDayMeals.swift in Sources */ = {isa = PBXBuildFile; fileRef = 33874EBE247FA9230039A237 /* FDCDayMeals.swift */; };
		33874EC3247FC5480039A237 /* Modifiers.swift in Sources */ = {isa = PBXBuildFile; fileRef = 33874EC2247FC5480039A237 /* Modifiers.swift */; };
		338C4753247EA9A00040D7D2 /* FDCSearchFoodResponce.swift in Sources */ = {isa = PBXBuildFile; fileRef = 338C4752247EA9A00040D7D2 /* FDCSearchFoodResponce.swift */; };
		338C4755247EAA5F0040D7D2 /* FDCClient.swift in Sources */ = {isa = PBXBuildFile; fileRef = 338C4754247EAA5F0040D7D2 /* FDCClient.swift */; };
		338C4758247EBC390040D7D2 /* FoodDetailViewModel.swift in Sources */ = {isa = PBXBuildFile; fileRef = 338C4757247EBC390040D7D2 /* FoodDetailViewModel.swift */; };
		338C475A247EBD210040D7D2 /* FDCFoodDetail.swift in Sources */ = {isa = PBXBuildFile; fileRef = 338C4759247EBD210040D7D2 /* FDCFoodDetail.swift */; };
		338C475C247EC2780040D7D2 /* FoodDetailView.swift in Sources */ = {isa = PBXBuildFile; fileRef = 338C475B247EC2780040D7D2 /* FoodDetailView.swift */; };
		338E18DB249D28F300AC18B7 /* Assets.xcassets in Resources */ = {isa = PBXBuildFile; fileRef = 338FEF80247695D800DF079F /* Assets.xcassets */; };
		338E18DC249D298300AC18B7 /* Inter-Black.ttf in Resources */ = {isa = PBXBuildFile; fileRef = 338FEF95247696BB00DF079F /* Inter-Black.ttf */; };
		338E18DD249D298300AC18B7 /* Inter-Bold.ttf in Resources */ = {isa = PBXBuildFile; fileRef = 338FEF98247696BC00DF079F /* Inter-Bold.ttf */; };
		338E18DE249D298300AC18B7 /* Inter-Italic.ttf in Resources */ = {isa = PBXBuildFile; fileRef = 338FEF9A247696BC00DF079F /* Inter-Italic.ttf */; };
		338E18DF249D298300AC18B7 /* Inter-Medium.ttf in Resources */ = {isa = PBXBuildFile; fileRef = 338FEF96247696BB00DF079F /* Inter-Medium.ttf */; };
		338E18E0249D298300AC18B7 /* Inter-Regular.ttf in Resources */ = {isa = PBXBuildFile; fileRef = 338FEF99247696BC00DF079F /* Inter-Regular.ttf */; };
		338E18E1249D298300AC18B7 /* Inter-SemiBold.ttf in Resources */ = {isa = PBXBuildFile; fileRef = 338FEF97247696BB00DF079F /* Inter-SemiBold.ttf */; };
		338EE55B2477DD6500FA689D /* LazyView.swift in Sources */ = {isa = PBXBuildFile; fileRef = 338EE55A2477DD6500FA689D /* LazyView.swift */; };
		338EE55F2477FDB900FA689D /* MealDetailView.swift in Sources */ = {isa = PBXBuildFile; fileRef = 338EE55E2477FDB900FA689D /* MealDetailView.swift */; };
		338FEF7B247695D500DF079F /* AppDelegate.swift in Sources */ = {isa = PBXBuildFile; fileRef = 338FEF7A247695D500DF079F /* AppDelegate.swift */; };
		338FEF7D247695D500DF079F /* SceneDelegate.swift in Sources */ = {isa = PBXBuildFile; fileRef = 338FEF7C247695D500DF079F /* SceneDelegate.swift */; };
		338FEF7F247695D500DF079F /* ContentView.swift in Sources */ = {isa = PBXBuildFile; fileRef = 338FEF7E247695D500DF079F /* ContentView.swift */; };
		338FEF81247695D800DF079F /* Assets.xcassets in Resources */ = {isa = PBXBuildFile; fileRef = 338FEF80247695D800DF079F /* Assets.xcassets */; };
		338FEF84247695D800DF079F /* Preview Assets.xcassets in Resources */ = {isa = PBXBuildFile; fileRef = 338FEF83247695D800DF079F /* Preview Assets.xcassets */; };
		338FEF87247695D800DF079F /* LaunchScreen.storyboard in Resources */ = {isa = PBXBuildFile; fileRef = 338FEF85247695D800DF079F /* LaunchScreen.storyboard */; };
		338FEF902476968000DF079F /* RoundedCorners.swift in Sources */ = {isa = PBXBuildFile; fileRef = 338FEF8F2476968000DF079F /* RoundedCorners.swift */; };
		338FEF922476969600DF079F /* RingView.swift in Sources */ = {isa = PBXBuildFile; fileRef = 338FEF912476969600DF079F /* RingView.swift */; };
		338FEF9B2476970800DF079F /* Inter-Black.ttf in Resources */ = {isa = PBXBuildFile; fileRef = 338FEF95247696BB00DF079F /* Inter-Black.ttf */; };
		338FEF9C2476970A00DF079F /* Inter-Bold.ttf in Resources */ = {isa = PBXBuildFile; fileRef = 338FEF98247696BC00DF079F /* Inter-Bold.ttf */; };
		338FEF9D2476970C00DF079F /* Inter-Italic.ttf in Resources */ = {isa = PBXBuildFile; fileRef = 338FEF9A247696BC00DF079F /* Inter-Italic.ttf */; };
		338FEF9E2476970E00DF079F /* Inter-Medium.ttf in Resources */ = {isa = PBXBuildFile; fileRef = 338FEF96247696BB00DF079F /* Inter-Medium.ttf */; };
		338FEF9F2476971000DF079F /* Inter-Regular.ttf in Resources */ = {isa = PBXBuildFile; fileRef = 338FEF99247696BC00DF079F /* Inter-Regular.ttf */; };
		338FEFA02476971200DF079F /* Inter-SemiBold.ttf in Resources */ = {isa = PBXBuildFile; fileRef = 338FEF97247696BB00DF079F /* Inter-SemiBold.ttf */; };
		338FEFA22476972D00DF079F /* DismissingKeyboardOnSwipe.swift in Sources */ = {isa = PBXBuildFile; fileRef = 338FEFA12476972D00DF079F /* DismissingKeyboardOnSwipe.swift */; };
		338FEFA62476973D00DF079F /* Font.swift in Sources */ = {isa = PBXBuildFile; fileRef = 338FEFA42476973D00DF079F /* Font.swift */; };
		338FEFA72476973D00DF079F /* View.swift in Sources */ = {isa = PBXBuildFile; fileRef = 338FEFA52476973D00DF079F /* View.swift */; };
		338FEFB024769BD600DF079F /* AddMealView.swift in Sources */ = {isa = PBXBuildFile; fileRef = 338FEFAF24769BD600DF079F /* AddMealView.swift */; };
		338FEFB524769DE900DF079F /* AddMealViewModel.swift in Sources */ = {isa = PBXBuildFile; fileRef = 338FEFB424769DE900DF079F /* AddMealViewModel.swift */; };
		33B02FC1249E2FC900B74F82 /* DataProvider.swift in Sources */ = {isa = PBXBuildFile; fileRef = 33B02FC0249E2FC900B74F82 /* DataProvider.swift */; };
		33B02FC3249E3E9900B74F82 /* SessionDelegater.swift in Sources */ = {isa = PBXBuildFile; fileRef = 33B02FC2249E3E9900B74F82 /* SessionDelegater.swift */; };
		33B02FCC249E442900B74F82 /* ExtensionDelegate.swift in Sources */ = {isa = PBXBuildFile; fileRef = 33B02FCB249E442900B74F82 /* ExtensionDelegate.swift */; };
		33B02FCD249E444F00B74F82 /* SessionDelegater.swift in Sources */ = {isa = PBXBuildFile; fileRef = 33B02FC2249E3E9900B74F82 /* SessionDelegater.swift */; };
		33B02FCE249E449200B74F82 /* DataProvider.swift in Sources */ = {isa = PBXBuildFile; fileRef = 33B02FC0249E2FC900B74F82 /* DataProvider.swift */; };
		33B02FD3249E4A5800B74F82 /* Settings-Watch.bundle in Resources */ = {isa = PBXBuildFile; fileRef = 33B02FD2249E4A5800B74F82 /* Settings-Watch.bundle */; };
		33B02FD5249E4F4100B74F82 /* ContentViewModel.swift in Sources */ = {isa = PBXBuildFile; fileRef = 33B02FD4249E4F4100B74F82 /* ContentViewModel.swift */; };
		33BD974C248688370094F8FF /* TestUI.swift in Sources */ = {isa = PBXBuildFile; fileRef = 33BD974B248688370094F8FF /* TestUI.swift */; };
/* End PBXBuildFile section */

/* Begin PBXContainerItemProxy section */
		337C6F21249D1E2900B87CEA /* PBXContainerItemProxy */ = {
			isa = PBXContainerItemProxy;
			containerPortal = 338FEF6F247695D500DF079F /* Project object */;
			proxyType = 1;
			remoteGlobalIDString = 337C6F1E249D1E2900B87CEA;
			remoteInfo = "WatchApp Extension";
		};
		337C6F37249D1E2A00B87CEA /* PBXContainerItemProxy */ = {
			isa = PBXContainerItemProxy;
			containerPortal = 338FEF6F247695D500DF079F /* Project object */;
			proxyType = 1;
			remoteGlobalIDString = 337C6F12249D1E2700B87CEA;
			remoteInfo = WatchApp;
		};
/* End PBXContainerItemProxy section */

/* Begin PBXCopyFilesBuildPhase section */
		337C6F3A249D1E2A00B87CEA /* Embed Watch Content */ = {
			isa = PBXCopyFilesBuildPhase;
			buildActionMask = 2147483647;
			dstPath = "$(CONTENTS_FOLDER_PATH)/Watch";
			dstSubfolderSpec = 16;
			files = (
				337C6F39249D1E2A00B87CEA /* WatchApp.app in Embed Watch Content */,
			);
			name = "Embed Watch Content";
			runOnlyForDeploymentPostprocessing = 0;
		};
		337C6F3D249D1E2A00B87CEA /* Embed App Extensions */ = {
			isa = PBXCopyFilesBuildPhase;
			buildActionMask = 2147483647;
			dstPath = "";
			dstSubfolderSpec = 13;
			files = (
				337C6F20249D1E2900B87CEA /* WatchApp Extension.appex in Embed App Extensions */,
			);
			name = "Embed App Extensions";
			runOnlyForDeploymentPostprocessing = 0;
		};
/* End PBXCopyFilesBuildPhase section */

/* Begin PBXFileReference section */
		337C6F13249D1E2700B87CEA /* WatchApp.app */ = {isa = PBXFileReference; explicitFileType = wrapper.application; includeInIndex = 0; path = WatchApp.app; sourceTree = BUILT_PRODUCTS_DIR; };
		337C6F16249D1E2800B87CEA /* Base */ = {isa = PBXFileReference; lastKnownFileType = file.storyboard; name = Base; path = Base.lproj/Interface.storyboard; sourceTree = "<group>"; };
		337C6F18249D1E2900B87CEA /* Assets.xcassets */ = {isa = PBXFileReference; lastKnownFileType = folder.assetcatalog; path = Assets.xcassets; sourceTree = "<group>"; };
		337C6F1A249D1E2900B87CEA /* Info.plist */ = {isa = PBXFileReference; lastKnownFileType = text.plist.xml; path = Info.plist; sourceTree = "<group>"; };
		337C6F1F249D1E2900B87CEA /* WatchApp Extension.appex */ = {isa = PBXFileReference; explicitFileType = "wrapper.app-extension"; includeInIndex = 0; path = "WatchApp Extension.appex"; sourceTree = BUILT_PRODUCTS_DIR; };
		337C6F24249D1E2900B87CEA /* ContentView.swift */ = {isa = PBXFileReference; lastKnownFileType = sourcecode.swift; path = ContentView.swift; sourceTree = "<group>"; };
		337C6F26249D1E2900B87CEA /* HostingController.swift */ = {isa = PBXFileReference; lastKnownFileType = sourcecode.swift; path = HostingController.swift; sourceTree = "<group>"; };
		337C6F28249D1E2900B87CEA /* ExtensionDelegate.swift */ = {isa = PBXFileReference; lastKnownFileType = sourcecode.swift; path = ExtensionDelegate.swift; sourceTree = "<group>"; };
		337C6F2A249D1E2900B87CEA /* NotificationController.swift */ = {isa = PBXFileReference; lastKnownFileType = sourcecode.swift; path = NotificationController.swift; sourceTree = "<group>"; };
		337C6F2C249D1E2900B87CEA /* NotificationView.swift */ = {isa = PBXFileReference; lastKnownFileType = sourcecode.swift; path = NotificationView.swift; sourceTree = "<group>"; };
		337C6F2E249D1E2900B87CEA /* ComplicationController.swift */ = {isa = PBXFileReference; lastKnownFileType = sourcecode.swift; path = ComplicationController.swift; sourceTree = "<group>"; };
		337C6F30249D1E2A00B87CEA /* Assets.xcassets */ = {isa = PBXFileReference; lastKnownFileType = folder.assetcatalog; path = Assets.xcassets; sourceTree = "<group>"; };
		337C6F33249D1E2A00B87CEA /* Preview Assets.xcassets */ = {isa = PBXFileReference; lastKnownFileType = folder.assetcatalog; path = "Preview Assets.xcassets"; sourceTree = "<group>"; };
		337C6F35249D1E2A00B87CEA /* Info.plist */ = {isa = PBXFileReference; lastKnownFileType = text.plist.xml; path = Info.plist; sourceTree = "<group>"; };
		337C6F36249D1E2A00B87CEA /* PushNotificationPayload.apns */ = {isa = PBXFileReference; lastKnownFileType = text; path = PushNotificationPayload.apns; sourceTree = "<group>"; };
		33874EBC247FA77F0039A237 /* FDCSelectedFood.swift */ = {isa = PBXFileReference; lastKnownFileType = sourcecode.swift; path = FDCSelectedFood.swift; sourceTree = "<group>"; };
		33874EBE247FA9230039A237 /* FDCDayMeals.swift */ = {isa = PBXFileReference; lastKnownFileType = sourcecode.swift; path = FDCDayMeals.swift; sourceTree = "<group>"; };
		33874EC2247FC5480039A237 /* Modifiers.swift */ = {isa = PBXFileReference; lastKnownFileType = sourcecode.swift; path = Modifiers.swift; sourceTree = "<group>"; };
		338C4752247EA9A00040D7D2 /* FDCSearchFoodResponce.swift */ = {isa = PBXFileReference; lastKnownFileType = sourcecode.swift; path = FDCSearchFoodResponce.swift; sourceTree = "<group>"; };
		338C4754247EAA5F0040D7D2 /* FDCClient.swift */ = {isa = PBXFileReference; lastKnownFileType = sourcecode.swift; path = FDCClient.swift; sourceTree = "<group>"; };
		338C4757247EBC390040D7D2 /* FoodDetailViewModel.swift */ = {isa = PBXFileReference; lastKnownFileType = sourcecode.swift; path = FoodDetailViewModel.swift; sourceTree = "<group>"; };
		338C4759247EBD210040D7D2 /* FDCFoodDetail.swift */ = {isa = PBXFileReference; lastKnownFileType = sourcecode.swift; path = FDCFoodDetail.swift; sourceTree = "<group>"; };
		338C475B247EC2780040D7D2 /* FoodDetailView.swift */ = {isa = PBXFileReference; lastKnownFileType = sourcecode.swift; path = FoodDetailView.swift; sourceTree = "<group>"; };
		338EE55A2477DD6500FA689D /* LazyView.swift */ = {isa = PBXFileReference; lastKnownFileType = sourcecode.swift; path = LazyView.swift; sourceTree = "<group>"; };
		338EE55E2477FDB900FA689D /* MealDetailView.swift */ = {isa = PBXFileReference; fileEncoding = 4; lastKnownFileType = sourcecode.swift; path = MealDetailView.swift; sourceTree = "<group>"; };
		338FEF77247695D500DF079F /* CaloriesMVVM.app */ = {isa = PBXFileReference; explicitFileType = wrapper.application; includeInIndex = 0; path = CaloriesMVVM.app; sourceTree = BUILT_PRODUCTS_DIR; };
		338FEF7A247695D500DF079F /* AppDelegate.swift */ = {isa = PBXFileReference; lastKnownFileType = sourcecode.swift; path = AppDelegate.swift; sourceTree = "<group>"; };
		338FEF7C247695D500DF079F /* SceneDelegate.swift */ = {isa = PBXFileReference; lastKnownFileType = sourcecode.swift; path = SceneDelegate.swift; sourceTree = "<group>"; };
		338FEF7E247695D500DF079F /* ContentView.swift */ = {isa = PBXFileReference; lastKnownFileType = sourcecode.swift; path = ContentView.swift; sourceTree = "<group>"; };
		338FEF80247695D800DF079F /* Assets.xcassets */ = {isa = PBXFileReference; lastKnownFileType = folder.assetcatalog; path = Assets.xcassets; sourceTree = "<group>"; };
		338FEF83247695D800DF079F /* Preview Assets.xcassets */ = {isa = PBXFileReference; lastKnownFileType = folder.assetcatalog; path = "Preview Assets.xcassets"; sourceTree = "<group>"; };
		338FEF86247695D800DF079F /* Base */ = {isa = PBXFileReference; lastKnownFileType = file.storyboard; name = Base; path = Base.lproj/LaunchScreen.storyboard; sourceTree = "<group>"; };
		338FEF88247695D800DF079F /* Info.plist */ = {isa = PBXFileReference; lastKnownFileType = text.plist.xml; path = Info.plist; sourceTree = "<group>"; };
		338FEF8F2476968000DF079F /* RoundedCorners.swift */ = {isa = PBXFileReference; fileEncoding = 4; lastKnownFileType = sourcecode.swift; path = RoundedCorners.swift; sourceTree = "<group>"; };
		338FEF912476969600DF079F /* RingView.swift */ = {isa = PBXFileReference; fileEncoding = 4; lastKnownFileType = sourcecode.swift; path = RingView.swift; sourceTree = "<group>"; };
		338FEF95247696BB00DF079F /* Inter-Black.ttf */ = {isa = PBXFileReference; lastKnownFileType = file; path = "Inter-Black.ttf"; sourceTree = "<group>"; };
		338FEF96247696BB00DF079F /* Inter-Medium.ttf */ = {isa = PBXFileReference; lastKnownFileType = file; path = "Inter-Medium.ttf"; sourceTree = "<group>"; };
		338FEF97247696BB00DF079F /* Inter-SemiBold.ttf */ = {isa = PBXFileReference; lastKnownFileType = file; path = "Inter-SemiBold.ttf"; sourceTree = "<group>"; };
		338FEF98247696BC00DF079F /* Inter-Bold.ttf */ = {isa = PBXFileReference; lastKnownFileType = file; path = "Inter-Bold.ttf"; sourceTree = "<group>"; };
		338FEF99247696BC00DF079F /* Inter-Regular.ttf */ = {isa = PBXFileReference; lastKnownFileType = file; path = "Inter-Regular.ttf"; sourceTree = "<group>"; };
		338FEF9A247696BC00DF079F /* Inter-Italic.ttf */ = {isa = PBXFileReference; lastKnownFileType = file; path = "Inter-Italic.ttf"; sourceTree = "<group>"; };
		338FEFA12476972D00DF079F /* DismissingKeyboardOnSwipe.swift */ = {isa = PBXFileReference; fileEncoding = 4; lastKnownFileType = sourcecode.swift; path = DismissingKeyboardOnSwipe.swift; sourceTree = "<group>"; };
		338FEFA42476973D00DF079F /* Font.swift */ = {isa = PBXFileReference; fileEncoding = 4; lastKnownFileType = sourcecode.swift; path = Font.swift; sourceTree = "<group>"; };
		338FEFA52476973D00DF079F /* View.swift */ = {isa = PBXFileReference; fileEncoding = 4; lastKnownFileType = sourcecode.swift; path = View.swift; sourceTree = "<group>"; };
		338FEFAF24769BD600DF079F /* AddMealView.swift */ = {isa = PBXFileReference; lastKnownFileType = sourcecode.swift; path = AddMealView.swift; sourceTree = "<group>"; };
		338FEFB424769DE900DF079F /* AddMealViewModel.swift */ = {isa = PBXFileReference; lastKnownFileType = sourcecode.swift; path = AddMealViewModel.swift; sourceTree = "<group>"; };
		33B02FC0249E2FC900B74F82 /* DataProvider.swift */ = {isa = PBXFileReference; lastKnownFileType = sourcecode.swift; path = DataProvider.swift; sourceTree = "<group>"; };
		33B02FC2249E3E9900B74F82 /* SessionDelegater.swift */ = {isa = PBXFileReference; lastKnownFileType = sourcecode.swift; path = SessionDelegater.swift; sourceTree = "<group>"; };
		33B02FCB249E442900B74F82 /* ExtensionDelegate.swift */ = {isa = PBXFileReference; fileEncoding = 4; lastKnownFileType = sourcecode.swift; path = ExtensionDelegate.swift; sourceTree = "<group>"; };
		33B02FCF249E47D800B74F82 /* CaloriesMVVM.entitlements */ = {isa = PBXFileReference; lastKnownFileType = text.plist.entitlements; path = CaloriesMVVM.entitlements; sourceTree = "<group>"; };
		33B02FD0249E480800B74F82 /* WatchApp.entitlements */ = {isa = PBXFileReference; lastKnownFileType = text.plist.entitlements; path = WatchApp.entitlements; sourceTree = "<group>"; };
		33B02FD1249E481B00B74F82 /* WatchApp Extension.entitlements */ = {isa = PBXFileReference; lastKnownFileType = text.plist.entitlements; path = "WatchApp Extension.entitlements"; sourceTree = "<group>"; };
		33B02FD2249E4A5800B74F82 /* Settings-Watch.bundle */ = {isa = PBXFileReference; lastKnownFileType = "wrapper.plug-in"; path = "Settings-Watch.bundle"; sourceTree = "<group>"; };
		33B02FD4249E4F4100B74F82 /* ContentViewModel.swift */ = {isa = PBXFileReference; lastKnownFileType = sourcecode.swift; path = ContentViewModel.swift; sourceTree = "<group>"; };
		33BD974B248688370094F8FF /* TestUI.swift */ = {isa = PBXFileReference; lastKnownFileType = sourcecode.swift; path = TestUI.swift; sourceTree = "<group>"; };
/* End PBXFileReference section */

/* Begin PBXFrameworksBuildPhase section */
		337C6F1C249D1E2900B87CEA /* Frameworks */ = {
			isa = PBXFrameworksBuildPhase;
			buildActionMask = 2147483647;
			files = (
			);
			runOnlyForDeploymentPostprocessing = 0;
		};
		338FEF74247695D500DF079F /* Frameworks */ = {
			isa = PBXFrameworksBuildPhase;
			buildActionMask = 2147483647;
			files = (
			);
			runOnlyForDeploymentPostprocessing = 0;
		};
/* End PBXFrameworksBuildPhase section */

/* Begin PBXGroup section */
		337B6D362480184D001FEDA6 /* Views */ = {
			isa = PBXGroup;
			children = (
				338FEFAF24769BD600DF079F /* AddMealView.swift */,
				33BD974B248688370094F8FF /* TestUI.swift */,
				338C475B247EC2780040D7D2 /* FoodDetailView.swift */,
				338EE55E2477FDB900FA689D /* MealDetailView.swift */,
			);
			path = Views;
			sourceTree = "<group>";
		};
		337B6D372480187A001FEDA6 /* View Models */ = {
			isa = PBXGroup;
			children = (
				338FEFB424769DE900DF079F /* AddMealViewModel.swift */,
				338C4757247EBC390040D7D2 /* FoodDetailViewModel.swift */,
			);
			path = "View Models";
			sourceTree = "<group>";
		};
		337C6F14249D1E2800B87CEA /* WatchApp */ = {
			isa = PBXGroup;
			children = (
				33B02FD0249E480800B74F82 /* WatchApp.entitlements */,
				337C6F15249D1E2800B87CEA /* Interface.storyboard */,
				337C6F18249D1E2900B87CEA /* Assets.xcassets */,
				337C6F1A249D1E2900B87CEA /* Info.plist */,
			);
			path = WatchApp;
			sourceTree = "<group>";
		};
		337C6F23249D1E2900B87CEA /* WatchApp Extension */ = {
			isa = PBXGroup;
			children = (
				33B02FD1249E481B00B74F82 /* WatchApp Extension.entitlements */,
				33B02FCB249E442900B74F82 /* ExtensionDelegate.swift */,
				337C6F24249D1E2900B87CEA /* ContentView.swift */,
				33B02FD4249E4F4100B74F82 /* ContentViewModel.swift */,
				337C6F26249D1E2900B87CEA /* HostingController.swift */,
				337C6F28249D1E2900B87CEA /* ExtensionDelegate.swift */,
				337C6F2A249D1E2900B87CEA /* NotificationController.swift */,
				337C6F2C249D1E2900B87CEA /* NotificationView.swift */,
				337C6F2E249D1E2900B87CEA /* ComplicationController.swift */,
				337C6F30249D1E2A00B87CEA /* Assets.xcassets */,
				337C6F35249D1E2A00B87CEA /* Info.plist */,
				337C6F36249D1E2A00B87CEA /* PushNotificationPayload.apns */,
				337C6F32249D1E2A00B87CEA /* Preview Content */,
			);
			path = "WatchApp Extension";
			sourceTree = "<group>";
		};
		337C6F32249D1E2A00B87CEA /* Preview Content */ = {
			isa = PBXGroup;
			children = (
				337C6F33249D1E2A00B87CEA /* Preview Assets.xcassets */,
			);
			path = "Preview Content";
			sourceTree = "<group>";
		};
		337F94C6247EA90800BF5951 /* FoodData Central */ = {
			isa = PBXGroup;
			children = (
				338C4752247EA9A00040D7D2 /* FDCSearchFoodResponce.swift */,
				338C4759247EBD210040D7D2 /* FDCFoodDetail.swift */,
				33874EBC247FA77F0039A237 /* FDCSelectedFood.swift */,
				33874EBE247FA9230039A237 /* FDCDayMeals.swift */,
			);
			path = "FoodData Central";
			sourceTree = "<group>";
		};
		338FEF6E247695D500DF079F = {
			isa = PBXGroup;
			children = (
				338FEF79247695D500DF079F /* CaloriesMVVM */,
				337C6F14249D1E2800B87CEA /* WatchApp */,
				337C6F23249D1E2900B87CEA /* WatchApp Extension */,
				338FEF78247695D500DF079F /* Products */,
			);
			sourceTree = "<group>";
		};
		338FEF78247695D500DF079F /* Products */ = {
			isa = PBXGroup;
			children = (
				338FEF77247695D500DF079F /* CaloriesMVVM.app */,
				337C6F13249D1E2700B87CEA /* WatchApp.app */,
				337C6F1F249D1E2900B87CEA /* WatchApp Extension.appex */,
			);
			name = Products;
			sourceTree = "<group>";
		};
		338FEF79247695D500DF079F /* CaloriesMVVM */ = {
			isa = PBXGroup;
			children = (
				33B02FCF249E47D800B74F82 /* CaloriesMVVM.entitlements */,
				33B02FBF249E2F9200B74F82 /* Watch Connectivity (Shared) */,
				337B6D372480187A001FEDA6 /* View Models */,
				337B6D362480184D001FEDA6 /* Views */,
				338FEFA8247697D700DF079F /* Model */,
				338FEFA32476973600DF079F /* Extensions */,
				338FEF8E2476967200DF079F /* Helpers */,
				338FEF7A247695D500DF079F /* AppDelegate.swift */,
				338FEF7C247695D500DF079F /* SceneDelegate.swift */,
				338FEF7E247695D500DF079F /* ContentView.swift */,
				338FEF80247695D800DF079F /* Assets.xcassets */,
				338FEF85247695D800DF079F /* LaunchScreen.storyboard */,
				338FEF88247695D800DF079F /* Info.plist */,
				338FEF93247696A900DF079F /* Resources */,
				338FEF82247695D800DF079F /* Preview Content */,
				33B02FD2249E4A5800B74F82 /* Settings-Watch.bundle */,
			);
			path = CaloriesMVVM;
			sourceTree = "<group>";
		};
		338FEF82247695D800DF079F /* Preview Content */ = {
			isa = PBXGroup;
			children = (
				338FEF83247695D800DF079F /* Preview Assets.xcassets */,
			);
			path = "Preview Content";
			sourceTree = "<group>";
		};
		338FEF8E2476967200DF079F /* Helpers */ = {
			isa = PBXGroup;
			children = (
				338FEFA12476972D00DF079F /* DismissingKeyboardOnSwipe.swift */,
				338FEF912476969600DF079F /* RingView.swift */,
				338FEF8F2476968000DF079F /* RoundedCorners.swift */,
				338EE55A2477DD6500FA689D /* LazyView.swift */,
				33874EC2247FC5480039A237 /* Modifiers.swift */,
			);
			path = Helpers;
			sourceTree = "<group>";
		};
		338FEF93247696A900DF079F /* Resources */ = {
			isa = PBXGroup;
			children = (
				338FEF94247696B100DF079F /* Inter font */,
			);
			path = Resources;
			sourceTree = "<group>";
		};
		338FEF94247696B100DF079F /* Inter font */ = {
			isa = PBXGroup;
			children = (
				338FEF95247696BB00DF079F /* Inter-Black.ttf */,
				338FEF98247696BC00DF079F /* Inter-Bold.ttf */,
				338FEF9A247696BC00DF079F /* Inter-Italic.ttf */,
				338FEF96247696BB00DF079F /* Inter-Medium.ttf */,
				338FEF99247696BC00DF079F /* Inter-Regular.ttf */,
				338FEF97247696BB00DF079F /* Inter-SemiBold.ttf */,
			);
			path = "Inter font";
			sourceTree = "<group>";
		};
		338FEFA32476973600DF079F /* Extensions */ = {
			isa = PBXGroup;
			children = (
				338FEFA42476973D00DF079F /* Font.swift */,
				338FEFA52476973D00DF079F /* View.swift */,
			);
			path = Extensions;
			sourceTree = "<group>";
		};
		338FEFA8247697D700DF079F /* Model */ = {
			isa = PBXGroup;
			children = (
				338C4754247EAA5F0040D7D2 /* FDCClient.swift */,
				337F94C6247EA90800BF5951 /* FoodData Central */,
			);
			path = Model;
			sourceTree = "<group>";
		};
		33B02FBF249E2F9200B74F82 /* Watch Connectivity (Shared) */ = {
			isa = PBXGroup;
			children = (
				33B02FC0249E2FC900B74F82 /* DataProvider.swift */,
				33B02FC2249E3E9900B74F82 /* SessionDelegater.swift */,
			);
			path = "Watch Connectivity (Shared)";
			sourceTree = "<group>";
		};
/* End PBXGroup section */

/* Begin PBXNativeTarget section */
		337C6F12249D1E2700B87CEA /* WatchApp */ = {
			isa = PBXNativeTarget;
			buildConfigurationList = 337C6F41249D1E2A00B87CEA /* Build configuration list for PBXNativeTarget "WatchApp" */;
			buildPhases = (
				337C6F11249D1E2700B87CEA /* Resources */,
				337C6F3D249D1E2A00B87CEA /* Embed App Extensions */,
			);
			buildRules = (
			);
			dependencies = (
				337C6F22249D1E2900B87CEA /* PBXTargetDependency */,
			);
			name = WatchApp;
			productName = WatchApp;
			productReference = 337C6F13249D1E2700B87CEA /* WatchApp.app */;
			productType = "com.apple.product-type.application.watchapp2";
		};
		337C6F1E249D1E2900B87CEA /* WatchApp Extension */ = {
			isa = PBXNativeTarget;
			buildConfigurationList = 337C6F40249D1E2A00B87CEA /* Build configuration list for PBXNativeTarget "WatchApp Extension" */;
			buildPhases = (
				337C6F1B249D1E2900B87CEA /* Sources */,
				337C6F1C249D1E2900B87CEA /* Frameworks */,
				337C6F1D249D1E2900B87CEA /* Resources */,
			);
			buildRules = (
			);
			dependencies = (
			);
			name = "WatchApp Extension";
			productName = "WatchApp Extension";
			productReference = 337C6F1F249D1E2900B87CEA /* WatchApp Extension.appex */;
			productType = "com.apple.product-type.watchkit2-extension";
		};
		338FEF76247695D500DF079F /* CaloriesMVVM */ = {
			isa = PBXNativeTarget;
			buildConfigurationList = 338FEF8B247695D800DF079F /* Build configuration list for PBXNativeTarget "CaloriesMVVM" */;
			buildPhases = (
				338FEF73247695D500DF079F /* Sources */,
				338FEF74247695D500DF079F /* Frameworks */,
				338FEF75247695D500DF079F /* Resources */,
				337C6F3A249D1E2A00B87CEA /* Embed Watch Content */,
			);
			buildRules = (
			);
			dependencies = (
				337C6F38249D1E2A00B87CEA /* PBXTargetDependency */,
			);
			name = CaloriesMVVM;
			packageProductDependencies = (
			);
			productName = CaloriesVanila;
			productReference = 338FEF77247695D500DF079F /* CaloriesMVVM.app */;
			productType = "com.apple.product-type.application";
		};
/* End PBXNativeTarget section */

/* Begin PBXProject section */
		338FEF6F247695D500DF079F /* Project object */ = {
			isa = PBXProject;
			attributes = {
				LastSwiftUpdateCheck = 1140;
				LastUpgradeCheck = 1140;
				ORGANIZATIONNAME = "Vasilis Daningelis";
				TargetAttributes = {
					337C6F12249D1E2700B87CEA = {
						CreatedOnToolsVersion = 11.4.1;
					};
					337C6F1E249D1E2900B87CEA = {
						CreatedOnToolsVersion = 11.4.1;
					};
					338FEF76247695D500DF079F = {
						CreatedOnToolsVersion = 11.4.1;
					};
				};
			};
			buildConfigurationList = 338FEF72247695D500DF079F /* Build configuration list for PBXProject "CaloriesMVVM" */;
			compatibilityVersion = "Xcode 9.3";
			developmentRegion = en;
			hasScannedForEncodings = 0;
			knownRegions = (
				en,
				Base,
			);
			mainGroup = 338FEF6E247695D500DF079F;
			packageReferences = (
			);
			productRefGroup = 338FEF78247695D500DF079F /* Products */;
			projectDirPath = "";
			projectRoot = "";
			targets = (
				338FEF76247695D500DF079F /* CaloriesMVVM */,
				337C6F12249D1E2700B87CEA /* WatchApp */,
				337C6F1E249D1E2900B87CEA /* WatchApp Extension */,
			);
		};
/* End PBXProject section */

/* Begin PBXResourcesBuildPhase section */
		337C6F11249D1E2700B87CEA /* Resources */ = {
			isa = PBXResourcesBuildPhase;
			buildActionMask = 2147483647;
			files = (
				337C6F19249D1E2900B87CEA /* Assets.xcassets in Resources */,
				337C6F17249D1E2800B87CEA /* Interface.storyboard in Resources */,
			);
			runOnlyForDeploymentPostprocessing = 0;
		};
		337C6F1D249D1E2900B87CEA /* Resources */ = {
			isa = PBXResourcesBuildPhase;
			buildActionMask = 2147483647;
			files = (
				337C6F34249D1E2A00B87CEA /* Preview Assets.xcassets in Resources */,
				338E18DE249D298300AC18B7 /* Inter-Italic.ttf in Resources */,
				338E18DD249D298300AC18B7 /* Inter-Bold.ttf in Resources */,
				338E18E1249D298300AC18B7 /* Inter-SemiBold.ttf in Resources */,
				338E18DB249D28F300AC18B7 /* Assets.xcassets in Resources */,
				338E18DF249D298300AC18B7 /* Inter-Medium.ttf in Resources */,
				337C6F31249D1E2A00B87CEA /* Assets.xcassets in Resources */,
				338E18E0249D298300AC18B7 /* Inter-Regular.ttf in Resources */,
				338E18DC249D298300AC18B7 /* Inter-Black.ttf in Resources */,
			);
			runOnlyForDeploymentPostprocessing = 0;
		};
		338FEF75247695D500DF079F /* Resources */ = {
			isa = PBXResourcesBuildPhase;
			buildActionMask = 2147483647;
			files = (
				338FEF87247695D800DF079F /* LaunchScreen.storyboard in Resources */,
				338FEF9D2476970C00DF079F /* Inter-Italic.ttf in Resources */,
				338FEF9C2476970A00DF079F /* Inter-Bold.ttf in Resources */,
				338FEFA02476971200DF079F /* Inter-SemiBold.ttf in Resources */,
				338FEF84247695D800DF079F /* Preview Assets.xcassets in Resources */,
				338FEF9E2476970E00DF079F /* Inter-Medium.ttf in Resources */,
				33B02FD3249E4A5800B74F82 /* Settings-Watch.bundle in Resources */,
				338FEF81247695D800DF079F /* Assets.xcassets in Resources */,
				338FEF9F2476971000DF079F /* Inter-Regular.ttf in Resources */,
				338FEF9B2476970800DF079F /* Inter-Black.ttf in Resources */,
			);
			runOnlyForDeploymentPostprocessing = 0;
		};
/* End PBXResourcesBuildPhase section */

/* Begin PBXSourcesBuildPhase section */
		337C6F1B249D1E2900B87CEA /* Sources */ = {
			isa = PBXSourcesBuildPhase;
			buildActionMask = 2147483647;
			files = (
				337C6F27249D1E2900B87CEA /* HostingController.swift in Sources */,
				337C6F47249D200A00B87CEA /* FDCDayMeals.swift in Sources */,
				33B02FCE249E449200B74F82 /* DataProvider.swift in Sources */,
				33B02FD5249E4F4100B74F82 /* ContentViewModel.swift in Sources */,
				337C6F49249D263300B87CEA /* Font.swift in Sources */,
				337C6F25249D1E2900B87CEA /* ContentView.swift in Sources */,
				337C6F45249D200A00B87CEA /* FDCFoodDetail.swift in Sources */,
				337C6F2B249D1E2900B87CEA /* NotificationController.swift in Sources */,
				337C6F44249D200A00B87CEA /* FDCSearchFoodResponce.swift in Sources */,
				337C6F48249D25D100B87CEA /* RingView.swift in Sources */,
				33B02FCC249E442900B74F82 /* ExtensionDelegate.swift in Sources */,
				337C6F2D249D1E2900B87CEA /* NotificationView.swift in Sources */,
				337C6F2F249D1E2900B87CEA /* ComplicationController.swift in Sources */,
				337C6F46249D200A00B87CEA /* FDCSelectedFood.swift in Sources */,
				33B02FCD249E444F00B74F82 /* SessionDelegater.swift in Sources */,
				337C6F43249D200A00B87CEA /* FDCClient.swift in Sources */,
				337C6F42249D1FF300B87CEA /* RoundedCorners.swift in Sources */,
			);
			runOnlyForDeploymentPostprocessing = 0;
		};
		338FEF73247695D500DF079F /* Sources */ = {
			isa = PBXSourcesBuildPhase;
			buildActionMask = 2147483647;
			files = (
				338EE55B2477DD6500FA689D /* LazyView.swift in Sources */,
				33874EBD247FA77F0039A237 /* FDCSelectedFood.swift in Sources */,
				33874EC3247FC5480039A237 /* Modifiers.swift in Sources */,
				338C475A247EBD210040D7D2 /* FDCFoodDetail.swift in Sources */,
				33BD974C248688370094F8FF /* TestUI.swift in Sources */,
				338C4758247EBC390040D7D2 /* FoodDetailViewModel.swift in Sources */,
				338FEFA72476973D00DF079F /* View.swift in Sources */,
				338FEF922476969600DF079F /* RingView.swift in Sources */,
				338FEFB024769BD600DF079F /* AddMealView.swift in Sources */,
				338FEF902476968000DF079F /* RoundedCorners.swift in Sources */,
				338FEFA62476973D00DF079F /* Font.swift in Sources */,
				338FEFA22476972D00DF079F /* DismissingKeyboardOnSwipe.swift in Sources */,
				338FEF7B247695D500DF079F /* AppDelegate.swift in Sources */,
				338C4753247EA9A00040D7D2 /* FDCSearchFoodResponce.swift in Sources */,
				338C475C247EC2780040D7D2 /* FoodDetailView.swift in Sources */,
				33874EBF247FA9230039A237 /* FDCDayMeals.swift in Sources */,
				33B02FC1249E2FC900B74F82 /* DataProvider.swift in Sources */,
				338FEF7D247695D500DF079F /* SceneDelegate.swift in Sources */,
				338C4755247EAA5F0040D7D2 /* FDCClient.swift in Sources */,
				338FEF7F247695D500DF079F /* ContentView.swift in Sources */,
				338EE55F2477FDB900FA689D /* MealDetailView.swift in Sources */,
				33B02FC3249E3E9900B74F82 /* SessionDelegater.swift in Sources */,
				338FEFB524769DE900DF079F /* AddMealViewModel.swift in Sources */,
			);
			runOnlyForDeploymentPostprocessing = 0;
		};
/* End PBXSourcesBuildPhase section */

/* Begin PBXTargetDependency section */
		337C6F22249D1E2900B87CEA /* PBXTargetDependency */ = {
			isa = PBXTargetDependency;
			target = 337C6F1E249D1E2900B87CEA /* WatchApp Extension */;
			targetProxy = 337C6F21249D1E2900B87CEA /* PBXContainerItemProxy */;
		};
		337C6F38249D1E2A00B87CEA /* PBXTargetDependency */ = {
			isa = PBXTargetDependency;
			target = 337C6F12249D1E2700B87CEA /* WatchApp */;
			targetProxy = 337C6F37249D1E2A00B87CEA /* PBXContainerItemProxy */;
		};
/* End PBXTargetDependency section */

/* Begin PBXVariantGroup section */
		337C6F15249D1E2800B87CEA /* Interface.storyboard */ = {
			isa = PBXVariantGroup;
			children = (
				337C6F16249D1E2800B87CEA /* Base */,
			);
			name = Interface.storyboard;
			sourceTree = "<group>";
		};
		338FEF85247695D800DF079F /* LaunchScreen.storyboard */ = {
			isa = PBXVariantGroup;
			children = (
				338FEF86247695D800DF079F /* Base */,
			);
			name = LaunchScreen.storyboard;
			sourceTree = "<group>";
		};
/* End PBXVariantGroup section */

/* Begin XCBuildConfiguration section */
		337C6F3B249D1E2A00B87CEA /* Debug */ = {
			isa = XCBuildConfiguration;
			buildSettings = {
				ALWAYS_EMBED_SWIFT_STANDARD_LIBRARIES = YES;
				ASSETCATALOG_COMPILER_APPICON_NAME = AppIcon;
				CODE_SIGN_ENTITLEMENTS = WatchApp/WatchApp.entitlements;
				CODE_SIGN_STYLE = Automatic;
				DEVELOPMENT_TEAM = 5Q8WF6H43T;
				IBSC_MODULE = WatchApp_Extension;
				INFOPLIST_FILE = WatchApp/Info.plist;
				PRODUCT_BUNDLE_IDENTIFIER = io.dani.calories.CaloriesMVVM.watchkitapp;
				PRODUCT_NAME = "$(TARGET_NAME)";
				SDKROOT = watchos;
				SKIP_INSTALL = YES;
				SWIFT_VERSION = 5.0;
				TARGETED_DEVICE_FAMILY = 4;
				WATCHOS_DEPLOYMENT_TARGET = 6.2;
			};
			name = Debug;
		};
		337C6F3C249D1E2A00B87CEA /* Release */ = {
			isa = XCBuildConfiguration;
			buildSettings = {
				ALWAYS_EMBED_SWIFT_STANDARD_LIBRARIES = YES;
				ASSETCATALOG_COMPILER_APPICON_NAME = AppIcon;
				CODE_SIGN_ENTITLEMENTS = WatchApp/WatchApp.entitlements;
				CODE_SIGN_STYLE = Automatic;
				DEVELOPMENT_TEAM = 5Q8WF6H43T;
				IBSC_MODULE = WatchApp_Extension;
				INFOPLIST_FILE = WatchApp/Info.plist;
				PRODUCT_BUNDLE_IDENTIFIER = io.dani.calories.CaloriesMVVM.watchkitapp;
				PRODUCT_NAME = "$(TARGET_NAME)";
				SDKROOT = watchos;
				SKIP_INSTALL = YES;
				SWIFT_VERSION = 5.0;
				TARGETED_DEVICE_FAMILY = 4;
				WATCHOS_DEPLOYMENT_TARGET = 6.2;
			};
			name = Release;
		};
		337C6F3E249D1E2A00B87CEA /* Debug */ = {
			isa = XCBuildConfiguration;
			buildSettings = {
				ASSETCATALOG_COMPILER_COMPLICATION_NAME = Complication;
				CODE_SIGN_ENTITLEMENTS = "WatchApp Extension/WatchApp Extension.entitlements";
				CODE_SIGN_STYLE = Automatic;
				DEVELOPMENT_ASSET_PATHS = "\"WatchApp Extension/Preview Content\"";
				DEVELOPMENT_TEAM = 5Q8WF6H43T;
				ENABLE_PREVIEWS = YES;
				INFOPLIST_FILE = "WatchApp Extension/Info.plist";
				LD_RUNPATH_SEARCH_PATHS = (
					"$(inherited)",
					"@executable_path/Frameworks",
					"@executable_path/../../Frameworks",
				);
				PRODUCT_BUNDLE_IDENTIFIER = io.dani.calories.CaloriesMVVM.watchkitapp.watchkitextension;
				PRODUCT_NAME = "${TARGET_NAME}";
				SDKROOT = watchos;
				SKIP_INSTALL = YES;
				SWIFT_VERSION = 5.0;
				TARGETED_DEVICE_FAMILY = 4;
				WATCHOS_DEPLOYMENT_TARGET = 6.2;
			};
			name = Debug;
		};
		337C6F3F249D1E2A00B87CEA /* Release */ = {
			isa = XCBuildConfiguration;
			buildSettings = {
				ASSETCATALOG_COMPILER_COMPLICATION_NAME = Complication;
				CODE_SIGN_ENTITLEMENTS = "WatchApp Extension/WatchApp Extension.entitlements";
				CODE_SIGN_STYLE = Automatic;
				DEVELOPMENT_ASSET_PATHS = "\"WatchApp Extension/Preview Content\"";
				DEVELOPMENT_TEAM = 5Q8WF6H43T;
				ENABLE_PREVIEWS = YES;
				INFOPLIST_FILE = "WatchApp Extension/Info.plist";
				LD_RUNPATH_SEARCH_PATHS = (
					"$(inherited)",
					"@executable_path/Frameworks",
					"@executable_path/../../Frameworks",
				);
				PRODUCT_BUNDLE_IDENTIFIER = io.dani.calories.CaloriesMVVM.watchkitapp.watchkitextension;
				PRODUCT_NAME = "${TARGET_NAME}";
				SDKROOT = watchos;
				SKIP_INSTALL = YES;
				SWIFT_VERSION = 5.0;
				TARGETED_DEVICE_FAMILY = 4;
				WATCHOS_DEPLOYMENT_TARGET = 6.2;
			};
			name = Release;
		};
		338FEF89247695D800DF079F /* Debug */ = {
			isa = XCBuildConfiguration;
			buildSettings = {
				ALWAYS_SEARCH_USER_PATHS = NO;
				CLANG_ANALYZER_NONNULL = YES;
				CLANG_ANALYZER_NUMBER_OBJECT_CONVERSION = YES_AGGRESSIVE;
				CLANG_CXX_LANGUAGE_STANDARD = "gnu++14";
				CLANG_CXX_LIBRARY = "libc++";
				CLANG_ENABLE_MODULES = YES;
				CLANG_ENABLE_OBJC_ARC = YES;
				CLANG_ENABLE_OBJC_WEAK = YES;
				CLANG_WARN_BLOCK_CAPTURE_AUTORELEASING = YES;
				CLANG_WARN_BOOL_CONVERSION = YES;
				CLANG_WARN_COMMA = YES;
				CLANG_WARN_CONSTANT_CONVERSION = YES;
				CLANG_WARN_DEPRECATED_OBJC_IMPLEMENTATIONS = YES;
				CLANG_WARN_DIRECT_OBJC_ISA_USAGE = YES_ERROR;
				CLANG_WARN_DOCUMENTATION_COMMENTS = YES;
				CLANG_WARN_EMPTY_BODY = YES;
				CLANG_WARN_ENUM_CONVERSION = YES;
				CLANG_WARN_INFINITE_RECURSION = YES;
				CLANG_WARN_INT_CONVERSION = YES;
				CLANG_WARN_NON_LITERAL_NULL_CONVERSION = YES;
				CLANG_WARN_OBJC_IMPLICIT_RETAIN_SELF = YES;
				CLANG_WARN_OBJC_LITERAL_CONVERSION = YES;
				CLANG_WARN_OBJC_ROOT_CLASS = YES_ERROR;
				CLANG_WARN_RANGE_LOOP_ANALYSIS = YES;
				CLANG_WARN_STRICT_PROTOTYPES = YES;
				CLANG_WARN_SUSPICIOUS_MOVE = YES;
				CLANG_WARN_UNGUARDED_AVAILABILITY = YES_AGGRESSIVE;
				CLANG_WARN_UNREACHABLE_CODE = YES;
				CLANG_WARN__DUPLICATE_METHOD_MATCH = YES;
				COPY_PHASE_STRIP = NO;
				DEBUG_INFORMATION_FORMAT = dwarf;
				ENABLE_STRICT_OBJC_MSGSEND = YES;
				ENABLE_TESTABILITY = YES;
				GCC_C_LANGUAGE_STANDARD = gnu11;
				GCC_DYNAMIC_NO_PIC = NO;
				GCC_NO_COMMON_BLOCKS = YES;
				GCC_OPTIMIZATION_LEVEL = 0;
				GCC_PREPROCESSOR_DEFINITIONS = (
					"DEBUG=1",
					"$(inherited)",
				);
				GCC_WARN_64_TO_32_BIT_CONVERSION = YES;
				GCC_WARN_ABOUT_RETURN_TYPE = YES_ERROR;
				GCC_WARN_UNDECLARED_SELECTOR = YES;
				GCC_WARN_UNINITIALIZED_AUTOS = YES_AGGRESSIVE;
				GCC_WARN_UNUSED_FUNCTION = YES;
				GCC_WARN_UNUSED_VARIABLE = YES;
				IPHONEOS_DEPLOYMENT_TARGET = 13.4;
				MTL_ENABLE_DEBUG_INFO = INCLUDE_SOURCE;
				MTL_FAST_MATH = YES;
				ONLY_ACTIVE_ARCH = YES;
				SDKROOT = iphoneos;
				SWIFT_ACTIVE_COMPILATION_CONDITIONS = DEBUG;
				SWIFT_OPTIMIZATION_LEVEL = "-Onone";
			};
			name = Debug;
		};
		338FEF8A247695D800DF079F /* Release */ = {
			isa = XCBuildConfiguration;
			buildSettings = {
				ALWAYS_SEARCH_USER_PATHS = NO;
				CLANG_ANALYZER_NONNULL = YES;
				CLANG_ANALYZER_NUMBER_OBJECT_CONVERSION = YES_AGGRESSIVE;
				CLANG_CXX_LANGUAGE_STANDARD = "gnu++14";
				CLANG_CXX_LIBRARY = "libc++";
				CLANG_ENABLE_MODULES = YES;
				CLANG_ENABLE_OBJC_ARC = YES;
				CLANG_ENABLE_OBJC_WEAK = YES;
				CLANG_WARN_BLOCK_CAPTURE_AUTORELEASING = YES;
				CLANG_WARN_BOOL_CONVERSION = YES;
				CLANG_WARN_COMMA = YES;
				CLANG_WARN_CONSTANT_CONVERSION = YES;
				CLANG_WARN_DEPRECATED_OBJC_IMPLEMENTATIONS = YES;
				CLANG_WARN_DIRECT_OBJC_ISA_USAGE = YES_ERROR;
				CLANG_WARN_DOCUMENTATION_COMMENTS = YES;
				CLANG_WARN_EMPTY_BODY = YES;
				CLANG_WARN_ENUM_CONVERSION = YES;
				CLANG_WARN_INFINITE_RECURSION = YES;
				CLANG_WARN_INT_CONVERSION = YES;
				CLANG_WARN_NON_LITERAL_NULL_CONVERSION = YES;
				CLANG_WARN_OBJC_IMPLICIT_RETAIN_SELF = YES;
				CLANG_WARN_OBJC_LITERAL_CONVERSION = YES;
				CLANG_WARN_OBJC_ROOT_CLASS = YES_ERROR;
				CLANG_WARN_RANGE_LOOP_ANALYSIS = YES;
				CLANG_WARN_STRICT_PROTOTYPES = YES;
				CLANG_WARN_SUSPICIOUS_MOVE = YES;
				CLANG_WARN_UNGUARDED_AVAILABILITY = YES_AGGRESSIVE;
				CLANG_WARN_UNREACHABLE_CODE = YES;
				CLANG_WARN__DUPLICATE_METHOD_MATCH = YES;
				COPY_PHASE_STRIP = NO;
				DEBUG_INFORMATION_FORMAT = "dwarf-with-dsym";
				ENABLE_NS_ASSERTIONS = NO;
				ENABLE_STRICT_OBJC_MSGSEND = YES;
				GCC_C_LANGUAGE_STANDARD = gnu11;
				GCC_NO_COMMON_BLOCKS = YES;
				GCC_WARN_64_TO_32_BIT_CONVERSION = YES;
				GCC_WARN_ABOUT_RETURN_TYPE = YES_ERROR;
				GCC_WARN_UNDECLARED_SELECTOR = YES;
				GCC_WARN_UNINITIALIZED_AUTOS = YES_AGGRESSIVE;
				GCC_WARN_UNUSED_FUNCTION = YES;
				GCC_WARN_UNUSED_VARIABLE = YES;
				IPHONEOS_DEPLOYMENT_TARGET = 13.4;
				MTL_ENABLE_DEBUG_INFO = NO;
				MTL_FAST_MATH = YES;
				SDKROOT = iphoneos;
				SWIFT_COMPILATION_MODE = wholemodule;
				SWIFT_OPTIMIZATION_LEVEL = "-O";
				VALIDATE_PRODUCT = YES;
			};
			name = Release;
		};
		338FEF8C247695D800DF079F /* Debug */ = {
			isa = XCBuildConfiguration;
			buildSettings = {
				ASSETCATALOG_COMPILER_APPICON_NAME = AppIcon;
				CODE_SIGN_ENTITLEMENTS = CaloriesMVVM/CaloriesMVVM.entitlements;
				CODE_SIGN_STYLE = Automatic;
				DEVELOPMENT_ASSET_PATHS = "\"CaloriesMVVM/Preview Content\"";
				DEVELOPMENT_TEAM = 5Q8WF6H43T;
				ENABLE_PREVIEWS = YES;
				INFOPLIST_FILE = CaloriesMVVM/Info.plist;
				LD_RUNPATH_SEARCH_PATHS = (
					"$(inherited)",
					"@executable_path/Frameworks",
				);
				PRODUCT_BUNDLE_IDENTIFIER = io.dani.calories.CaloriesMVVM;
				PRODUCT_NAME = "$(TARGET_NAME)";
				SWIFT_VERSION = 5.0;
				TARGETED_DEVICE_FAMILY = 1;
			};
			name = Debug;
		};
		338FEF8D247695D800DF079F /* Release */ = {
			isa = XCBuildConfiguration;
			buildSettings = {
				ASSETCATALOG_COMPILER_APPICON_NAME = AppIcon;
				CODE_SIGN_ENTITLEMENTS = CaloriesMVVM/CaloriesMVVM.entitlements;
				CODE_SIGN_STYLE = Automatic;
				DEVELOPMENT_ASSET_PATHS = "\"CaloriesMVVM/Preview Content\"";
				DEVELOPMENT_TEAM = 5Q8WF6H43T;
				ENABLE_PREVIEWS = YES;
				INFOPLIST_FILE = CaloriesMVVM/Info.plist;
				LD_RUNPATH_SEARCH_PATHS = (
					"$(inherited)",
					"@executable_path/Frameworks",
				);
				PRODUCT_BUNDLE_IDENTIFIER = io.dani.calories.CaloriesMVVM;
				PRODUCT_NAME = "$(TARGET_NAME)";
				SWIFT_VERSION = 5.0;
				TARGETED_DEVICE_FAMILY = 1;
			};
			name = Release;
		};
/* End XCBuildConfiguration section */

/* Begin XCConfigurationList section */
		337C6F40249D1E2A00B87CEA /* Build configuration list for PBXNativeTarget "WatchApp Extension" */ = {
			isa = XCConfigurationList;
			buildConfigurations = (
				337C6F3E249D1E2A00B87CEA /* Debug */,
				337C6F3F249D1E2A00B87CEA /* Release */,
			);
			defaultConfigurationIsVisible = 0;
			defaultConfigurationName = Release;
		};
		337C6F41249D1E2A00B87CEA /* Build configuration list for PBXNativeTarget "WatchApp" */ = {
			isa = XCConfigurationList;
			buildConfigurations = (
				337C6F3B249D1E2A00B87CEA /* Debug */,
				337C6F3C249D1E2A00B87CEA /* Release */,
			);
			defaultConfigurationIsVisible = 0;
			defaultConfigurationName = Release;
		};
		338FEF72247695D500DF079F /* Build configuration list for PBXProject "CaloriesMVVM" */ = {
			isa = XCConfigurationList;
			buildConfigurations = (
				338FEF89247695D800DF079F /* Debug */,
				338FEF8A247695D800DF079F /* Release */,
			);
			defaultConfigurationIsVisible = 0;
			defaultConfigurationName = Release;
		};
		338FEF8B247695D800DF079F /* Build configuration list for PBXNativeTarget "CaloriesMVVM" */ = {
			isa = XCConfigurationList;
			buildConfigurations = (
				338FEF8C247695D800DF079F /* Debug */,
				338FEF8D247695D800DF079F /* Release */,
			);
			defaultConfigurationIsVisible = 0;
			defaultConfigurationName = Release;
		};
/* End XCConfigurationList section */
	};
	rootObject = 338FEF6F247695D500DF079F /* Project object */;
}
